<?xml version="1.0" encoding="utf-8"?>
<Project ToolsVersion="4.0" xmlns="http://schemas.microsoft.com/developer/msbuild/2003">
  <ItemGroup>
    <Filter Include="Source Files">
      <UniqueIdentifier>{4FC737F1-C7A5-4376-A066-2A32D752A2FF}</UniqueIdentifier>
      <Extensions>cpp;c;cc;cxx;def;odl;idl;hpj;bat;asm;asmx</Extensions>
    </Filter>
    <Filter Include="Header Files">
      <UniqueIdentifier>{93995380-89BD-4b04-88EB-625FBE52EBFB}</UniqueIdentifier>
      <Extensions>h;hh;hpp;hxx;hm;inl;inc;xsd</Extensions>
    </Filter>
    <Filter Include="Misc Files">
      <UniqueIdentifier>{67DA6AB6-F800-4c08-8B7A-83BB121AAD01}</UniqueIdentifier>
      <Extensions>xml;json;txt;rc;ico;cur;bmp;dlg;rc2;rct;bin;rgs;gif;jpg;jpeg;jpe;resx;tiff;tif;png;wav;mfcribbon-ms</Extensions>
    </Filter>
  </ItemGroup>
  <ItemGroup>
    <None Include="src\arduino folders read me.txt">
      <Filter>Misc Files</Filter>
    </None>
  </ItemGroup>
  <ItemGroup>
    <ClCompile Include="2.receiver_tank.ino" />
    <ClCompile Include="Adafruit_MS_PWMServoDriver.cpp">
      <Filter>Source Files</Filter>
    </ClCompile>
    <ClCompile Include="PinChangeInterrupt0.cpp">
      <Filter>Source Files</Filter>
    </ClCompile>
    <ClCompile Include="PinChangeInterrupt1.cpp">
      <Filter>Source Files</Filter>
    </ClCompile>
    <ClCompile Include="PinChangeInterrupt2.cpp">
      <Filter>Source Files</Filter>
    </ClCompile>
    <ClCompile Include="PinChangeInterrupt3.cpp">
      <Filter>Source Files</Filter>
    </ClCompile>
    <ClCompile Include="PS2X_lib.cpp">
      <Filter>Source Files</Filter>
    </ClCompile>
    <ClCompile Include="QGPMaker_MotorShield.cpp">
      <Filter>Source Files</Filter>
    </ClCompile>
    <ClCompile Include="PinChangeInterrupt.cpp">
      <Filter>Source Files</Filter>
    </ClCompile>
    <ClCompile Include="Ultrasonic.cpp">
      <Filter>Header Files</Filter>
    </ClCompile>
  </ItemGroup>
  <ItemGroup>
    <ClInclude Include="__vm\.2.receiver_tank.vsarduino.h">
      <Filter>Header Files</Filter>
    </ClInclude>
    <ClInclude Include="Adafruit_MS_PWMServoDriver.h">
      <Filter>Header Files</Filter>
    </ClInclude>
    <ClInclude Include="PinChangeInterrupt.h">
      <Filter>Header Files</Filter>
    </ClInclude>
    <ClInclude Include="PinChangeInterruptBoards.h">
      <Filter>Header Files</Filter>
    </ClInclude>
    <ClInclude Include="PinChangeInterruptPins.h">
      <Filter>Header Files</Filter>
    </ClInclude>
    <ClInclude Include="PinChangeInterruptSettings.h">
      <Filter>Header Files</Filter>
    </ClInclude>
    <ClInclude Include="PS2X_lib.h">
      <Filter>Header Files</Filter>
    </ClInclude>
    <ClInclude Include="QGPMaker_Encoder.h">
      <Filter>Header Files</Filter>
    </ClInclude>
    <ClInclude Include="QGPMaker_MotorShield.h">
      <Filter>Header Files</Filter>
    </ClInclude>
    <ClInclude Include="Ultrasonic.h">
      <Filter>Header Files</Filter>
    </ClInclude>
  </ItemGroup>
  <ItemGroup>
    <Text Include="QGPMakerMotorShield_V5.2\文件说明.txt">
      <Filter>Source Files</Filter>
    </Text>
  </ItemGroup>
</Project>